
Microsoft Visual Studio Solution File, Format Version 12.00
# Visual Studio Version 16
VisualStudioVersion = 16.0.32602.291
MinimumVisualStudioVersion = 10.0.40219.1
Project("{8BC9CEB8-8B4A-11D0-8D11-00A0C91BC942}") = "review8_3", "review8_3.vcxproj", "{A27E1F71-AA33-4DBA-BB83-43A3D8BFAE2A}"
EndProject
Global
	GlobalSection(SolutionConfigurationPlatforms) = preSolution
		Debug|x64 = Debug|x64
		Debug|x86 = Debug|x86
		Release|x64 = Release|x64
		Release|x86 = Release|x86
	EndGlobalSection
	GlobalSection(ProjectConfigurationPlatforms) = postSolution
		{A27E1F71-AA33-4DBA-BB83-43A3D8BFAE2A}.Debug|x64.ActiveCfg = Debug|x64
		{A27E1F71-AA33-4DBA-BB83-43A3D8BFAE2A}.Debug|x64.Build.0 = Debug|x64
		{A27E1F71-AA33-4DBA-BB83-43A3D8BFAE2A}.Debug|x86.ActiveCfg = Debug|Win32
		{A27E1F71-AA33-4DBA-BB83-43A3D8BFAE2A}.Debug|x86.Build.0 = Debug|Win32
		{A27E1F71-AA33-4DBA-BB83-43A3D8BFAE2A}.Release|x64.ActiveCfg = Release|x64
		{A27E1F71-AA33-4DBA-BB83-43A3D8BFAE2A}.Release|x64.Build.0 = Release|x64
		{A27E1F71-AA33-4DBA-BB83-43A3D8BFAE2A}.Release|x86.ActiveCfg = Release|Win32
		{A27E1F71-AA33-4DBA-BB83-43A3D8BFAE2A}.Release|x86.Build.0 = Release|Win32
	EndGlobalSection
	GlobalSection(SolutionProperties) = preSolution
		HideSolutionNode = FALSE
	EndGlobalSection
	GlobalSection(ExtensibilityGlobals) = postSolution
		SolutionGuid = {5934BB32-3671-4C89-9D46-1D3A5B2C2FDC}
	EndGlobalSection
EndGlobal
